
Microsoft Visual Studio Solution File, Format Version 12.00
# Visual Studio 14
VisualStudioVersion = 14.0.25420.1
MinimumVisualStudioVersion = 10.0.40219.1
Project("{2150E333-8FDC-42A3-9474-1A3956D46DE8}") = "Development", "Development", "{A4466419-B7E0-453E-A581-1205912E5616}"
EndProject
Project("{2150E333-8FDC-42A3-9474-1A3956D46DE8}") = ".nuget", ".nuget", "{195304C4-F4AE-4255-97DF-36BC380E2308}"
	ProjectSection(SolutionItems) = preProject
		.nuget\NuGet.Config = .nuget\NuGet.Config
		.nuget\NuGet.exe = .nuget\NuGet.exe
		.nuget\NuGet.targets = .nuget\NuGet.targets
	EndProjectSection
EndProject
Project("{2150E333-8FDC-42A3-9474-1A3956D46DE8}") = "_CommonAssemblyInfo", "_CommonAssemblyInfo", "{1ACA67E4-7A6B-41F8-885E-18BDFCD4B831}"
	ProjectSection(SolutionItems) = preProject
		CommonAssemblyInfo.cs = CommonAssemblyInfo.cs
	EndProjectSection
EndProject
Project("{2150E333-8FDC-42A3-9474-1A3956D46DE8}") = "Core", "Core", "{0B3513CF-ABAC-4401-970E-650E49E44092}"
EndProject
Project("{FAE04EC0-301F-11D3-BF4B-00C04F79EFBC}") = "Topics.Core", "Development\Core\Topics.Core\Topics.Core.csproj", "{1F7A7FF6-C5BC-475F-8D8A-6A6FA5F32F7E}"
EndProject
Project("{2150E333-8FDC-42A3-9474-1A3956D46DE8}") = "Examples", "Examples", "{EC0D3303-1BFD-4D9C-9D34-21369A9D892F}"
EndProject
Project("{2150E333-8FDC-42A3-9474-1A3956D46DE8}") = "Tests", "Tests", "{4E5111BA-4F18-42E3-A400-BBC800A3ED4D}"
EndProject
Project("{2150E333-8FDC-42A3-9474-1A3956D46DE8}") = "Messaging", "Messaging", "{51BC7496-11D8-4495-AA6C-49188DD7058D}"
EndProject
Project("{FAE04EC0-301F-11D3-BF4B-00C04F79EFBC}") = "FirstService", "Development\Examples\Services\FirstService\FirstService.csproj", "{FC29492E-C3F6-4C14-ABE0-313748E0DAF4}"
EndProject
Project("{FAE04EC0-301F-11D3-BF4B-00C04F79EFBC}") = "InProcess.UnitTests", "Development\Tests\Messaging\InProcess.UnitTests\InProcess.UnitTests.csproj", "{DF6E4327-5C51-4E53-A303-F880B8647A55}"
EndProject
Project("{2150E333-8FDC-42A3-9474-1A3956D46DE8}") = "Host", "Host", "{24D990C1-4A42-40F1-A2CE-A3CD9769633A}"
EndProject
Project("{FAE04EC0-301F-11D3-BF4B-00C04F79EFBC}") = "Topics.Core.Host.ConsoleHost", "Development\Core\Host\Topics.Core.Host.ConsoleHost\Topics.Core.Host.ConsoleHost.csproj", "{B00378B2-A963-4B96-896C-DFF24E83CC1E}"
EndProject
Project("{FAE04EC0-301F-11D3-BF4B-00C04F79EFBC}") = "Topics.Core.Host.WindowsServiceHost", "Development\Core\Host\Topics.Core.Host.WindowsServiceHost\Topics.Core.Host.WindowsServiceHost.csproj", "{E53A0427-ED01-4EA6-8F2A-0AB4647B726A}"
EndProject
Global
	GlobalSection(SolutionConfigurationPlatforms) = preSolution
		Debug|Any CPU = Debug|Any CPU
		Nuget_Debug|Any CPU = Nuget_Debug|Any CPU
		Nuget_Release|Any CPU = Nuget_Release|Any CPU
		Release|Any CPU = Release|Any CPU
		Template_Debug|Any CPU = Template_Debug|Any CPU
	EndGlobalSection
	GlobalSection(ProjectConfigurationPlatforms) = postSolution
		{1F7A7FF6-C5BC-475F-8D8A-6A6FA5F32F7E}.Debug|Any CPU.ActiveCfg = Debug|Any CPU
		{1F7A7FF6-C5BC-475F-8D8A-6A6FA5F32F7E}.Debug|Any CPU.Build.0 = Debug|Any CPU
		{1F7A7FF6-C5BC-475F-8D8A-6A6FA5F32F7E}.Nuget_Debug|Any CPU.ActiveCfg = Nuget_Debug|Any CPU
		{1F7A7FF6-C5BC-475F-8D8A-6A6FA5F32F7E}.Nuget_Debug|Any CPU.Build.0 = Nuget_Debug|Any CPU
		{1F7A7FF6-C5BC-475F-8D8A-6A6FA5F32F7E}.Nuget_Release|Any CPU.ActiveCfg = Nuget_Release|Any CPU
		{1F7A7FF6-C5BC-475F-8D8A-6A6FA5F32F7E}.Nuget_Release|Any CPU.Build.0 = Nuget_Release|Any CPU
		{1F7A7FF6-C5BC-475F-8D8A-6A6FA5F32F7E}.Release|Any CPU.ActiveCfg = Release|Any CPU
		{1F7A7FF6-C5BC-475F-8D8A-6A6FA5F32F7E}.Release|Any CPU.Build.0 = Release|Any CPU
		{1F7A7FF6-C5BC-475F-8D8A-6A6FA5F32F7E}.Template_Debug|Any CPU.ActiveCfg = Template_Debug|Any CPU
		{1F7A7FF6-C5BC-475F-8D8A-6A6FA5F32F7E}.Template_Debug|Any CPU.Build.0 = Template_Debug|Any CPU
		{FC29492E-C3F6-4C14-ABE0-313748E0DAF4}.Debug|Any CPU.ActiveCfg = Debug|Any CPU
		{FC29492E-C3F6-4C14-ABE0-313748E0DAF4}.Debug|Any CPU.Build.0 = Debug|Any CPU
		{FC29492E-C3F6-4C14-ABE0-313748E0DAF4}.Nuget_Debug|Any CPU.ActiveCfg = Debug|Any CPU
		{FC29492E-C3F6-4C14-ABE0-313748E0DAF4}.Nuget_Debug|Any CPU.Build.0 = Debug|Any CPU
		{FC29492E-C3F6-4C14-ABE0-313748E0DAF4}.Nuget_Release|Any CPU.ActiveCfg = Release|Any CPU
		{FC29492E-C3F6-4C14-ABE0-313748E0DAF4}.Nuget_Release|Any CPU.Build.0 = Release|Any CPU
		{FC29492E-C3F6-4C14-ABE0-313748E0DAF4}.Release|Any CPU.ActiveCfg = Release|Any CPU
		{FC29492E-C3F6-4C14-ABE0-313748E0DAF4}.Release|Any CPU.Build.0 = Release|Any CPU
		{FC29492E-C3F6-4C14-ABE0-313748E0DAF4}.Template_Debug|Any CPU.ActiveCfg = Debug|Any CPU
		{FC29492E-C3F6-4C14-ABE0-313748E0DAF4}.Template_Debug|Any CPU.Build.0 = Debug|Any CPU
		{DF6E4327-5C51-4E53-A303-F880B8647A55}.Debug|Any CPU.ActiveCfg = Debug|Any CPU
		{DF6E4327-5C51-4E53-A303-F880B8647A55}.Debug|Any CPU.Build.0 = Debug|Any CPU
		{DF6E4327-5C51-4E53-A303-F880B8647A55}.Nuget_Debug|Any CPU.ActiveCfg = Debug|Any CPU
		{DF6E4327-5C51-4E53-A303-F880B8647A55}.Nuget_Debug|Any CPU.Build.0 = Debug|Any CPU
		{DF6E4327-5C51-4E53-A303-F880B8647A55}.Nuget_Release|Any CPU.ActiveCfg = Release|Any CPU
		{DF6E4327-5C51-4E53-A303-F880B8647A55}.Nuget_Release|Any CPU.Build.0 = Release|Any CPU
		{DF6E4327-5C51-4E53-A303-F880B8647A55}.Release|Any CPU.ActiveCfg = Release|Any CPU
		{DF6E4327-5C51-4E53-A303-F880B8647A55}.Release|Any CPU.Build.0 = Release|Any CPU
		{DF6E4327-5C51-4E53-A303-F880B8647A55}.Template_Debug|Any CPU.ActiveCfg = Debug|Any CPU
		{DF6E4327-5C51-4E53-A303-F880B8647A55}.Template_Debug|Any CPU.Build.0 = Debug|Any CPU
		{B00378B2-A963-4B96-896C-DFF24E83CC1E}.Debug|Any CPU.ActiveCfg = Debug|Any CPU
		{B00378B2-A963-4B96-896C-DFF24E83CC1E}.Debug|Any CPU.Build.0 = Debug|Any CPU
		{B00378B2-A963-4B96-896C-DFF24E83CC1E}.Nuget_Debug|Any CPU.ActiveCfg = Nuget_Debug|Any CPU
		{B00378B2-A963-4B96-896C-DFF24E83CC1E}.Nuget_Debug|Any CPU.Build.0 = Nuget_Debug|Any CPU
		{B00378B2-A963-4B96-896C-DFF24E83CC1E}.Nuget_Release|Any CPU.ActiveCfg = Nuget_Release|Any CPU
		{B00378B2-A963-4B96-896C-DFF24E83CC1E}.Nuget_Release|Any CPU.Build.0 = Nuget_Release|Any CPU
		{B00378B2-A963-4B96-896C-DFF24E83CC1E}.Release|Any CPU.ActiveCfg = Release|Any CPU
		{B00378B2-A963-4B96-896C-DFF24E83CC1E}.Release|Any CPU.Build.0 = Release|Any CPU
		{B00378B2-A963-4B96-896C-DFF24E83CC1E}.Template_Debug|Any CPU.ActiveCfg = Template_Debug|Any CPU
		{B00378B2-A963-4B96-896C-DFF24E83CC1E}.Template_Debug|Any CPU.Build.0 = Template_Debug|Any CPU
		{E53A0427-ED01-4EA6-8F2A-0AB4647B726A}.Debug|Any CPU.ActiveCfg = Debug|Any CPU
		{E53A0427-ED01-4EA6-8F2A-0AB4647B726A}.Debug|Any CPU.Build.0 = Debug|Any CPU
		{E53A0427-ED01-4EA6-8F2A-0AB4647B726A}.Nuget_Debug|Any CPU.ActiveCfg = Nuget_Debug|Any CPU
		{E53A0427-ED01-4EA6-8F2A-0AB4647B726A}.Nuget_Debug|Any CPU.Build.0 = Nuget_Debug|Any CPU
		{E53A0427-ED01-4EA6-8F2A-0AB4647B726A}.Nuget_Release|Any CPU.ActiveCfg = Nuget_Release|Any CPU
		{E53A0427-ED01-4EA6-8F2A-0AB4647B726A}.Nuget_Release|Any CPU.Build.0 = Nuget_Release|Any CPU
		{E53A0427-ED01-4EA6-8F2A-0AB4647B726A}.Release|Any CPU.ActiveCfg = Release|Any CPU
		{E53A0427-ED01-4EA6-8F2A-0AB4647B726A}.Release|Any CPU.Build.0 = Release|Any CPU
		{E53A0427-ED01-4EA6-8F2A-0AB4647B726A}.Template_Debug|Any CPU.ActiveCfg = Template_Debug|Any CPU
		{E53A0427-ED01-4EA6-8F2A-0AB4647B726A}.Template_Debug|Any CPU.Build.0 = Template_Debug|Any CPU
	EndGlobalSection
	GlobalSection(SolutionProperties) = preSolution
		HideSolutionNode = FALSE
	EndGlobalSection
	GlobalSection(NestedProjects) = preSolution
		{0B3513CF-ABAC-4401-970E-650E49E44092} = {A4466419-B7E0-453E-A581-1205912E5616}
		{1F7A7FF6-C5BC-475F-8D8A-6A6FA5F32F7E} = {0B3513CF-ABAC-4401-970E-650E49E44092}
		{EC0D3303-1BFD-4D9C-9D34-21369A9D892F} = {A4466419-B7E0-453E-A581-1205912E5616}
		{4E5111BA-4F18-42E3-A400-BBC800A3ED4D} = {A4466419-B7E0-453E-A581-1205912E5616}
		{51BC7496-11D8-4495-AA6C-49188DD7058D} = {4E5111BA-4F18-42E3-A400-BBC800A3ED4D}
		{FC29492E-C3F6-4C14-ABE0-313748E0DAF4} = {EC0D3303-1BFD-4D9C-9D34-21369A9D892F}
		{DF6E4327-5C51-4E53-A303-F880B8647A55} = {51BC7496-11D8-4495-AA6C-49188DD7058D}
		{24D990C1-4A42-40F1-A2CE-A3CD9769633A} = {0B3513CF-ABAC-4401-970E-650E49E44092}
		{B00378B2-A963-4B96-896C-DFF24E83CC1E} = {24D990C1-4A42-40F1-A2CE-A3CD9769633A}
		{E53A0427-ED01-4EA6-8F2A-0AB4647B726A} = {24D990C1-4A42-40F1-A2CE-A3CD9769633A}
	EndGlobalSection
EndGlobal
